{
    "_readme": [
        "This file locks the dependencies of your project to a known state",
        "Read more about it at https://getcomposer.org/doc/01-basic-usage.md#composer-lock-the-lock-file",
        "This file is @generated automatically"
    ],
    "hash": "2ef4d289871e926e724d10eb0692b79e",
    "content-hash": "101759fb48e9959fb2ee433a3d6d7d96",
    "packages": [
        {
            "name": "mlocati/ip-lib",
            "version": "1.0.0",
            "source": {
                "type": "git",
                "url": "https://github.com/mlocati/ip-lib.git",
                "reference": "6ceffc9a96c59caa8ce6b410be2e92bebfd0352f"
            },
            "dist": {
                "type": "zip",
                "url": "https://api.github.com/repos/mlocati/ip-lib/zipball/6ceffc9a96c59caa8ce6b410be2e92bebfd0352f",
                "reference": "6ceffc9a96c59caa8ce6b410be2e92bebfd0352f",
                "shasum": ""
            },
            "require": {
                "php": ">=5.3.3"
            },
            "type": "library",
            "autoload": {
                "psr-4": {
                    "IPLib\\": "src/"
                }
            },
            "notification-url": "https://packagist.org/downloads/",
            "license": [
                "MIT"
            ],
            "authors": [
                {
                    "name": "Michele Locati",
                    "email": "mlocati@gmail.com",
                    "homepage": "https://github.com/mlocati",
                    "role": "Developer"
                }
            ],
            "description": "Handle IPv4, IPv6 addresses and ranges",
            "homepage": "https://github.com/mlocati/ip-lib",
            "keywords": [
                "IP",
                "address",
                "addresses",
                "ipv4",
                "ipv6",
                "matching",
                "network",
                "networking",
                "range",
                "subnet"
            ],
            "time": "2016-03-18 11:24:28"
        }
    ],
    "packages-dev": [],
    "aliases": [],
    "minimum-stability": "stable",
    "stability-flags": [],
    "prefer-stable": false,
    "prefer-lowest": false,
    "platform": {
        "php": ">=5.3.3"
    },
    "platform-dev": []
}
